Microsoft Visual Studio Solution File, Format Version 9.00
# Visual Studio 2005
Project("{FAE04EC0-301F-11D3-BF4B-00C04F79EFBC}") = "WindowsApplication1", "WindowsApplication1\WindowsApplication1.csproj", "{A64E7892-C0C7-4C13-8149-F7D902983C76}"
EndProject
Global
	GlobalSection(SolutionConfigurationPlatforms) = preSolution
		Debug|Any CPU = Debug|Any CPU
		Release|Any CPU = Release|Any CPU
	EndGlobalSection
	GlobalSection(ProjectConfigurationPlatforms) = postSolution
		{A64E7892-C0C7-4C13-8149-F7D902983C76}.Debug|Any CPU.ActiveCfg = Debug|Any CPU
		{A64E7892-C0C7-4C13-8149-F7D902983C76}.Debug|Any CPU.Build.0 = Debug|Any CPU
		{A64E7892-C0C7-4C13-8149-F7D902983C76}.Release|Any CPU.ActiveCfg = Release|Any CPU
		{A64E7892-C0C7-4C13-8149-F7D902983C76}.Release|Any CPU.Build.0 = Release|Any CPU
	EndGlobalSection
	GlobalSection(SolutionProperties) = preSolution
		HideSolutionNode = FALSE
	EndGlobalSection
EndGlobal
